{
  "name": "bs-poc",
  "version": "1.0.0",
  "lockfileVersion": 1,
  "requires": true,
  "dependencies": {
    "BS-Shared": {
      "version": "git+https://github.com/mr-nilesh/BS-Shared.git#e2c28112d47a44e0bde5f4a78fe6740eabdfd55e",
      "from": "git+https://github.com/mr-nilesh/BS-Shared.git"
    }
  }
}
